// !$*UTF8*$!
{
	archiveVersion = 1;
	classes = {
	};
	objectVersion = 56;
	objects = {

/* Begin PBXBuildFile section */
		181800282B1A5B3900D07546 /* Episode.swift in Sources */ = {isa = PBXBuildFile; fileRef = 181800272B1A5B3900D07546 /* Episode.swift */; };
		1818002A2B1A5BBE00D07546 /* Channel.swift in Sources */ = {isa = PBXBuildFile; fileRef = 181800292B1A5BBE00D07546 /* Channel.swift */; };
		1818002C2B1A5BDF00D07546 /* Categories.swift in Sources */ = {isa = PBXBuildFile; fileRef = 1818002B2B1A5BDF00D07546 /* Categories.swift */; };
		1818002E2B1A5F5300D07546 /* Categories+Preview.swift in Sources */ = {isa = PBXBuildFile; fileRef = 1818002D2B1A5F5300D07546 /* Categories+Preview.swift */; };
		181800332B1A5F9C00D07546 /* Channel+Preview.swift in Sources */ = {isa = PBXBuildFile; fileRef = 181800322B1A5F9C00D07546 /* Channel+Preview.swift */; };
		181800352B1A5FC500D07546 /* Episode+Preview.swift in Sources */ = {isa = PBXBuildFile; fileRef = 181800342B1A5FC500D07546 /* Episode+Preview.swift */; };
		181800382B1A62EA00D07546 /* MindValleyService.swift in Sources */ = {isa = PBXBuildFile; fileRef = 181800372B1A62EA00D07546 /* MindValleyService.swift */; };
		1818003A2B1A65A800D07546 /* MindValley+Dependency.swift in Sources */ = {isa = PBXBuildFile; fileRef = 181800392B1A65A800D07546 /* MindValley+Dependency.swift */; };
		181800402B1A917500D07546 /* HomeModule.swift in Sources */ = {isa = PBXBuildFile; fileRef = 1818003F2B1A917500D07546 /* HomeModule.swift */; };
		181800422B1A917A00D07546 /* HomeView.swift in Sources */ = {isa = PBXBuildFile; fileRef = 181800412B1A917A00D07546 /* HomeView.swift */; };
		181800442B1A918000D07546 /* HomeViewModel.swift in Sources */ = {isa = PBXBuildFile; fileRef = 181800432B1A918000D07546 /* HomeViewModel.swift */; };
		181800462B1A91C500D07546 /* HomeUIM.swift in Sources */ = {isa = PBXBuildFile; fileRef = 181800452B1A91C500D07546 /* HomeUIM.swift */; };
		1818004B2B1AAE3700D07546 /* CategoriesUIM.swift in Sources */ = {isa = PBXBuildFile; fileRef = 1818004A2B1AAE3700D07546 /* CategoriesUIM.swift */; };
		1818004D2B1AAE3E00D07546 /* EpisodesUIM.swift in Sources */ = {isa = PBXBuildFile; fileRef = 1818004C2B1AAE3E00D07546 /* EpisodesUIM.swift */; };
		1818004F2B1AAE4400D07546 /* ChannelsUIM.swift in Sources */ = {isa = PBXBuildFile; fileRef = 1818004E2B1AAE4400D07546 /* ChannelsUIM.swift */; };
		181800512B1AB15600D07546 /* EpisodesViewModel.swift in Sources */ = {isa = PBXBuildFile; fileRef = 181800502B1AB15600D07546 /* EpisodesViewModel.swift */; };
		181800532B1AB1E100D07546 /* EpisodesView.swift in Sources */ = {isa = PBXBuildFile; fileRef = 181800522B1AB1E100D07546 /* EpisodesView.swift */; };
		181800552B1AB24F00D07546 /* EpisodesModule.swift in Sources */ = {isa = PBXBuildFile; fileRef = 181800542B1AB24F00D07546 /* EpisodesModule.swift */; };
		181800632B1B8C8A00D07546 /* Roboto-Medium.ttf in Resources */ = {isa = PBXBuildFile; fileRef = 181800572B1B8C8A00D07546 /* Roboto-Medium.ttf */; };
		181800642B1B8C8A00D07546 /* Roboto-Light.ttf in Resources */ = {isa = PBXBuildFile; fileRef = 181800582B1B8C8A00D07546 /* Roboto-Light.ttf */; };
		181800652B1B8C8A00D07546 /* Roboto-Regular.ttf in Resources */ = {isa = PBXBuildFile; fileRef = 181800592B1B8C8A00D07546 /* Roboto-Regular.ttf */; };
		181800662B1B8C8A00D07546 /* Roboto-MediumItalic.ttf in Resources */ = {isa = PBXBuildFile; fileRef = 1818005A2B1B8C8A00D07546 /* Roboto-MediumItalic.ttf */; };
		181800672B1B8C8A00D07546 /* Roboto-ThinItalic.ttf in Resources */ = {isa = PBXBuildFile; fileRef = 1818005B2B1B8C8A00D07546 /* Roboto-ThinItalic.ttf */; };
		181800682B1B8C8A00D07546 /* Roboto-BoldItalic.ttf in Resources */ = {isa = PBXBuildFile; fileRef = 1818005C2B1B8C8A00D07546 /* Roboto-BoldItalic.ttf */; };
		181800692B1B8C8A00D07546 /* Roboto-LightItalic.ttf in Resources */ = {isa = PBXBuildFile; fileRef = 1818005D2B1B8C8A00D07546 /* Roboto-LightItalic.ttf */; };
		1818006A2B1B8C8A00D07546 /* Roboto-Italic.ttf in Resources */ = {isa = PBXBuildFile; fileRef = 1818005E2B1B8C8A00D07546 /* Roboto-Italic.ttf */; };
		1818006B2B1B8C8A00D07546 /* Roboto-BlackItalic.ttf in Resources */ = {isa = PBXBuildFile; fileRef = 1818005F2B1B8C8A00D07546 /* Roboto-BlackItalic.ttf */; };
		1818006C2B1B8C8A00D07546 /* Roboto-Bold.ttf in Resources */ = {isa = PBXBuildFile; fileRef = 181800602B1B8C8A00D07546 /* Roboto-Bold.ttf */; };
		1818006D2B1B8C8A00D07546 /* Roboto-Thin.ttf in Resources */ = {isa = PBXBuildFile; fileRef = 181800612B1B8C8A00D07546 /* Roboto-Thin.ttf */; };
		1818006E2B1B8C8A00D07546 /* Roboto-Black.ttf in Resources */ = {isa = PBXBuildFile; fileRef = 181800622B1B8C8A00D07546 /* Roboto-Black.ttf */; };
		181800722B1B900C00D07546 /* FontViewModifier.swift in Sources */ = {isa = PBXBuildFile; fileRef = 181800712B1B900C00D07546 /* FontViewModifier.swift */; };
		181800752B1B9F5500D07546 /* RemoteImageViewModel.swift in Sources */ = {isa = PBXBuildFile; fileRef = 181800742B1B9F5500D07546 /* RemoteImageViewModel.swift */; };
		181E0D3F2B13B38D002F5E9B /* Deocding+Bool.swift in Sources */ = {isa = PBXBuildFile; fileRef = 181E0D3E2B13B38D002F5E9B /* Deocding+Bool.swift */; };
		181E0D412B13B731002F5E9B /* AbstractProtocols.swift in Sources */ = {isa = PBXBuildFile; fileRef = 181E0D402B13B731002F5E9B /* AbstractProtocols.swift */; };
		181E0D482B13C0DE002F5E9B /* core_architecture in Frameworks */ = {isa = PBXBuildFile; productRef = 181E0D472B13C0DE002F5E9B /* core_architecture */; };
		181E0D4A2B13C0DE002F5E9B /* Debugger in Frameworks */ = {isa = PBXBuildFile; productRef = 181E0D492B13C0DE002F5E9B /* Debugger */; };
		181E0D4C2B13C0DE002F5E9B /* DebuggerUI in Frameworks */ = {isa = PBXBuildFile; productRef = 181E0D4B2B13C0DE002F5E9B /* DebuggerUI */; };
		181E0D4E2B13C0DE002F5E9B /* Network in Frameworks */ = {isa = PBXBuildFile; productRef = 181E0D4D2B13C0DE002F5E9B /* Network */; };
		181E0D522B13C0DE002F5E9B /* Lottie in Frameworks */ = {isa = PBXBuildFile; productRef = 181E0D512B13C0DE002F5E9B /* Lottie */; };
		181E0D582B13C72E002F5E9B /* Dependencies.swift in Sources */ = {isa = PBXBuildFile; fileRef = 181E0D452B13BFDE002F5E9B /* Dependencies.swift */; };
		181E0D592B13C734002F5E9B /* Mocks.swift in Sources */ = {isa = PBXBuildFile; fileRef = 181E0D422B13BF0F002F5E9B /* Mocks.swift */; };
		181E0D5E2B13CE69002F5E9B /* View+Extension.swift in Sources */ = {isa = PBXBuildFile; fileRef = 181E0D5D2B13CE69002F5E9B /* View+Extension.swift */; };
		181E0D6C2B1415A6002F5E9B /* HomeViewModelTest.swift in Sources */ = {isa = PBXBuildFile; fileRef = 181E0D6B2B1415A6002F5E9B /* HomeViewModelTest.swift */; };
		183C2A4F2B1BDABD000FADFE /* CategoriesModule.swift in Sources */ = {isa = PBXBuildFile; fileRef = 183C2A4E2B1BDABD000FADFE /* CategoriesModule.swift */; };
		183C2A512B1BDAD2000FADFE /* CategoriesView.swift in Sources */ = {isa = PBXBuildFile; fileRef = 183C2A502B1BDAD2000FADFE /* CategoriesView.swift */; };
		183C2A532B1BDAD9000FADFE /* CategoriesViewModel.swift in Sources */ = {isa = PBXBuildFile; fileRef = 183C2A522B1BDAD9000FADFE /* CategoriesViewModel.swift */; };
		183C2A552B1BE686000FADFE /* ChannelsModule.swift in Sources */ = {isa = PBXBuildFile; fileRef = 183C2A542B1BE686000FADFE /* ChannelsModule.swift */; };
		183C2A572B1BE68A000FADFE /* ChannelsView.swift in Sources */ = {isa = PBXBuildFile; fileRef = 183C2A562B1BE68A000FADFE /* ChannelsView.swift */; };
		183C2A592B1BE69D000FADFE /* ChannelsViewModel.swift in Sources */ = {isa = PBXBuildFile; fileRef = 183C2A582B1BE69C000FADFE /* ChannelsViewModel.swift */; };
		183C2A5C2B1C9F51000FADFE /* ChannelHeaderView.swift in Sources */ = {isa = PBXBuildFile; fileRef = 183C2A5B2B1C9F51000FADFE /* ChannelHeaderView.swift */; };
		183C2A5E2B1CA00E000FADFE /* CourseView.swift in Sources */ = {isa = PBXBuildFile; fileRef = 183C2A5D2B1CA00E000FADFE /* CourseView.swift */; };
		183C2A602B1CA058000FADFE /* SeriesView.swift in Sources */ = {isa = PBXBuildFile; fileRef = 183C2A5F2B1CA058000FADFE /* SeriesView.swift */; };
		183C2A622B1D3795000FADFE /* Float+Extension.swift in Sources */ = {isa = PBXBuildFile; fileRef = 183C2A612B1D3795000FADFE /* Float+Extension.swift */; };
		183C2A642B1D379B000FADFE /* String+Extension.swift in Sources */ = {isa = PBXBuildFile; fileRef = 183C2A632B1D379B000FADFE /* String+Extension.swift */; };
		183C2A662B1D37B3000FADFE /* Color+Extension.swift in Sources */ = {isa = PBXBuildFile; fileRef = 183C2A652B1D37B3000FADFE /* Color+Extension.swift */; };
		183C2A682B1D384E000FADFE /* Previewer.swift in Sources */ = {isa = PBXBuildFile; fileRef = 183C2A672B1D384E000FADFE /* Previewer.swift */; };
		183C2A6B2B1D4A2B000FADFE /* EpisodesTileView.swift in Sources */ = {isa = PBXBuildFile; fileRef = 183C2A6A2B1D4A2B000FADFE /* EpisodesTileView.swift */; };
		183C2A6D2B1D4A62000FADFE /* EpisodeTileListView.swift in Sources */ = {isa = PBXBuildFile; fileRef = 183C2A6C2B1D4A62000FADFE /* EpisodeTileListView.swift */; };
		183C2A712B1DFBDD000FADFE /* DebugUITheme+Extensions.swift in Sources */ = {isa = PBXBuildFile; fileRef = 183C2A702B1DFBDD000FADFE /* DebugUITheme+Extensions.swift */; };
		186950B52B0E5BB100323E71 /* MetFlixApp.swift in Sources */ = {isa = PBXBuildFile; fileRef = 186950B42B0E5BB100323E71 /* MetFlixApp.swift */; };
		186950B92B0E5BB300323E71 /* Assets.xcassets in Resources */ = {isa = PBXBuildFile; fileRef = 186950B82B0E5BB300323E71 /* Assets.xcassets */; };
		186950BC2B0E5BB300323E71 /* Preview Assets.xcassets in Resources */ = {isa = PBXBuildFile; fileRef = 186950BB2B0E5BB300323E71 /* Preview Assets.xcassets */; };
		186950C62B0E5BB300323E71 /* MetFlixTests.swift in Sources */ = {isa = PBXBuildFile; fileRef = 186950C52B0E5BB300323E71 /* MetFlixTests.swift */; };
		186950D02B0E5BB300323E71 /* MetFlixUITests.swift in Sources */ = {isa = PBXBuildFile; fileRef = 186950CF2B0E5BB300323E71 /* MetFlixUITests.swift */; };
		186950D22B0E5BB300323E71 /* MetFlixUITestsLaunchTests.swift in Sources */ = {isa = PBXBuildFile; fileRef = 186950D12B0E5BB300323E71 /* MetFlixUITestsLaunchTests.swift */; };
		186950F02B0E5F0800323E71 /* AppFactory.swift in Sources */ = {isa = PBXBuildFile; fileRef = 186950EF2B0E5F0800323E71 /* AppFactory.swift */; };
		186950F52B0E614300323E71 /* core_architecture in Frameworks */ = {isa = PBXBuildFile; productRef = 186950F42B0E614300323E71 /* core_architecture */; };
		186950F72B0E614300323E71 /* Debugger in Frameworks */ = {isa = PBXBuildFile; productRef = 186950F62B0E614300323E71 /* Debugger */; };
		186950F92B0E614300323E71 /* DebuggerUI in Frameworks */ = {isa = PBXBuildFile; productRef = 186950F82B0E614300323E71 /* DebuggerUI */; };
		186950FB2B0E614300323E71 /* Network in Frameworks */ = {isa = PBXBuildFile; productRef = 186950FA2B0E614300323E71 /* Network */; };
		186950FD2B0E7EF300323E71 /* App+Dependencies.swift in Sources */ = {isa = PBXBuildFile; fileRef = 186950FC2B0E7EF300323E71 /* App+Dependencies.swift */; };
		186951022B0E845D00323E71 /* Endpoints.swift in Sources */ = {isa = PBXBuildFile; fileRef = 186951012B0E845D00323E71 /* Endpoints.swift */; };
		186951042B0E857F00323E71 /* LaunchConfiguration.swift in Sources */ = {isa = PBXBuildFile; fileRef = 186951032B0E857F00323E71 /* LaunchConfiguration.swift */; };
		186951072B0E8AC500323E71 /* Debugger+Extensions.swift in Sources */ = {isa = PBXBuildFile; fileRef = 186951062B0E8AC500323E71 /* Debugger+Extensions.swift */; };
		1869510F2B0E96E200323E71 /* Internet.swift in Sources */ = {isa = PBXBuildFile; fileRef = 1869510E2B0E96E200323E71 /* Internet.swift */; };
		186951172B0EBED600323E71 /* CacheManager.swift in Sources */ = {isa = PBXBuildFile; fileRef = 186951162B0EBED600323E71 /* CacheManager.swift */; };
		186951192B0EBFBC00323E71 /* Cache.swift in Sources */ = {isa = PBXBuildFile; fileRef = 186951182B0EBFBC00323E71 /* Cache.swift */; };
		1869511B2B0EC36D00323E71 /* AppRemoteAssets.swift in Sources */ = {isa = PBXBuildFile; fileRef = 1869511A2B0EC36D00323E71 /* AppRemoteAssets.swift */; };
		186951212B0EC56000323E71 /* Lottie in Frameworks */ = {isa = PBXBuildFile; productRef = 186951202B0EC56000323E71 /* Lottie */; };
		186951242B0EC58F00323E71 /* AnimatedView.swift in Sources */ = {isa = PBXBuildFile; fileRef = 186951232B0EC58F00323E71 /* AnimatedView.swift */; };
		1869514E2B0FDADD00323E71 /* RemoteImageView.swift in Sources */ = {isa = PBXBuildFile; fileRef = 1869514D2B0FDADD00323E71 /* RemoteImageView.swift */; };
		186951512B0FDB9D00323E71 /* Config.swift in Sources */ = {isa = PBXBuildFile; fileRef = 186951502B0FDB9D00323E71 /* Config.swift */; };
		186951542B0FDD3900323E71 /* image_loading_animation.json in Resources */ = {isa = PBXBuildFile; fileRef = 186951522B0FDD3900323E71 /* image_loading_animation.json */; };
		186951552B0FDD3900323E71 /* error_animation.json in Resources */ = {isa = PBXBuildFile; fileRef = 186951532B0FDD3900323E71 /* error_animation.json */; };
		1869515A2B0FEDB700323E71 /* loading_animation.json in Resources */ = {isa = PBXBuildFile; fileRef = 186951592B0FEDB700323E71 /* loading_animation.json */; };
		1869515C2B0FF9DB00323E71 /* ErrorView.swift in Sources */ = {isa = PBXBuildFile; fileRef = 1869515B2B0FF9DB00323E71 /* ErrorView.swift */; };
		1869515E2B0FFC1B00323E71 /* no_result_animation.json in Resources */ = {isa = PBXBuildFile; fileRef = 1869515D2B0FFC1A00323E71 /* no_result_animation.json */; };
		186951602B1034E600323E71 /* AppStateModel.swift in Sources */ = {isa = PBXBuildFile; fileRef = 1869515F2B1034E600323E71 /* AppStateModel.swift */; };
		186951642B10471100323E71 /* RatingView.swift in Sources */ = {isa = PBXBuildFile; fileRef = 186951632B10471100323E71 /* RatingView.swift */; };
		186951682B10CB4100323E71 /* SeparatorView.swift in Sources */ = {isa = PBXBuildFile; fileRef = 186951672B10CB4100323E71 /* SeparatorView.swift */; };
/* End PBXBuildFile section */

/* Begin PBXContainerItemProxy section */
		186950C22B0E5BB300323E71 /* PBXContainerItemProxy */ = {
			isa = PBXContainerItemProxy;
			containerPortal = 186950A92B0E5BB100323E71 /* Project object */;
			proxyType = 1;
			remoteGlobalIDString = 186950B02B0E5BB100323E71;
			remoteInfo = MetFlix;
		};
		186950CC2B0E5BB300323E71 /* PBXContainerItemProxy */ = {
			isa = PBXContainerItemProxy;
			containerPortal = 186950A92B0E5BB100323E71 /* Project object */;
			proxyType = 1;
			remoteGlobalIDString = 186950B02B0E5BB100323E71;
			remoteInfo = MetFlix;
		};
/* End PBXContainerItemProxy section */

/* Begin PBXFileReference section */
		181800272B1A5B3900D07546 /* Episode.swift */ = {isa = PBXFileReference; lastKnownFileType = sourcecode.swift; path = Episode.swift; sourceTree = "<group>"; };
		181800292B1A5BBE00D07546 /* Channel.swift */ = {isa = PBXFileReference; lastKnownFileType = sourcecode.swift; path = Channel.swift; sourceTree = "<group>"; };
		1818002B2B1A5BDF00D07546 /* Categories.swift */ = {isa = PBXFileReference; lastKnownFileType = sourcecode.swift; path = Categories.swift; sourceTree = "<group>"; };
		1818002D2B1A5F5300D07546 /* Categories+Preview.swift */ = {isa = PBXFileReference; lastKnownFileType = sourcecode.swift; path = "Categories+Preview.swift"; sourceTree = "<group>"; };
		181800322B1A5F9C00D07546 /* Channel+Preview.swift */ = {isa = PBXFileReference; lastKnownFileType = sourcecode.swift; path = "Channel+Preview.swift"; sourceTree = "<group>"; };
		181800342B1A5FC500D07546 /* Episode+Preview.swift */ = {isa = PBXFileReference; lastKnownFileType = sourcecode.swift; path = "Episode+Preview.swift"; sourceTree = "<group>"; };
		181800372B1A62EA00D07546 /* MindValleyService.swift */ = {isa = PBXFileReference; lastKnownFileType = sourcecode.swift; path = MindValleyService.swift; sourceTree = "<group>"; };
		181800392B1A65A800D07546 /* MindValley+Dependency.swift */ = {isa = PBXFileReference; lastKnownFileType = sourcecode.swift; path = "MindValley+Dependency.swift"; sourceTree = "<group>"; };
		1818003F2B1A917500D07546 /* HomeModule.swift */ = {isa = PBXFileReference; lastKnownFileType = sourcecode.swift; path = HomeModule.swift; sourceTree = "<group>"; };
		181800412B1A917A00D07546 /* HomeView.swift */ = {isa = PBXFileReference; lastKnownFileType = sourcecode.swift; path = HomeView.swift; sourceTree = "<group>"; };
		181800432B1A918000D07546 /* HomeViewModel.swift */ = {isa = PBXFileReference; lastKnownFileType = sourcecode.swift; path = HomeViewModel.swift; sourceTree = "<group>"; };
		181800452B1A91C500D07546 /* HomeUIM.swift */ = {isa = PBXFileReference; lastKnownFileType = sourcecode.swift; path = HomeUIM.swift; sourceTree = "<group>"; };
		1818004A2B1AAE3700D07546 /* CategoriesUIM.swift */ = {isa = PBXFileReference; lastKnownFileType = sourcecode.swift; path = CategoriesUIM.swift; sourceTree = "<group>"; };
		1818004C2B1AAE3E00D07546 /* EpisodesUIM.swift */ = {isa = PBXFileReference; lastKnownFileType = sourcecode.swift; path = EpisodesUIM.swift; sourceTree = "<group>"; };
		1818004E2B1AAE4400D07546 /* ChannelsUIM.swift */ = {isa = PBXFileReference; lastKnownFileType = sourcecode.swift; path = ChannelsUIM.swift; sourceTree = "<group>"; };
		181800502B1AB15600D07546 /* EpisodesViewModel.swift */ = {isa = PBXFileReference; lastKnownFileType = sourcecode.swift; path = EpisodesViewModel.swift; sourceTree = "<group>"; };
		181800522B1AB1E100D07546 /* EpisodesView.swift */ = {isa = PBXFileReference; lastKnownFileType = sourcecode.swift; path = EpisodesView.swift; sourceTree = "<group>"; };
		181800542B1AB24F00D07546 /* EpisodesModule.swift */ = {isa = PBXFileReference; lastKnownFileType = sourcecode.swift; path = EpisodesModule.swift; sourceTree = "<group>"; };
		181800572B1B8C8A00D07546 /* Roboto-Medium.ttf */ = {isa = PBXFileReference; lastKnownFileType = file; path = "Roboto-Medium.ttf"; sourceTree = "<group>"; };
		181800582B1B8C8A00D07546 /* Roboto-Light.ttf */ = {isa = PBXFileReference; lastKnownFileType = file; path = "Roboto-Light.ttf"; sourceTree = "<group>"; };
		181800592B1B8C8A00D07546 /* Roboto-Regular.ttf */ = {isa = PBXFileReference; lastKnownFileType = file; path = "Roboto-Regular.ttf"; sourceTree = "<group>"; };
		1818005A2B1B8C8A00D07546 /* Roboto-MediumItalic.ttf */ = {isa = PBXFileReference; lastKnownFileType = file; path = "Roboto-MediumItalic.ttf"; sourceTree = "<group>"; };
		1818005B2B1B8C8A00D07546 /* Roboto-ThinItalic.ttf */ = {isa = PBXFileReference; lastKnownFileType = file; path = "Roboto-ThinItalic.ttf"; sourceTree = "<group>"; };
		1818005C2B1B8C8A00D07546 /* Roboto-BoldItalic.ttf */ = {isa = PBXFileReference; lastKnownFileType = file; path = "Roboto-BoldItalic.ttf"; sourceTree = "<group>"; };
		1818005D2B1B8C8A00D07546 /* Roboto-LightItalic.ttf */ = {isa = PBXFileReference; lastKnownFileType = file; path = "Roboto-LightItalic.ttf"; sourceTree = "<group>"; };
		1818005E2B1B8C8A00D07546 /* Roboto-Italic.ttf */ = {isa = PBXFileReference; lastKnownFileType = file; path = "Roboto-Italic.ttf"; sourceTree = "<group>"; };
		1818005F2B1B8C8A00D07546 /* Roboto-BlackItalic.ttf */ = {isa = PBXFileReference; lastKnownFileType = file; path = "Roboto-BlackItalic.ttf"; sourceTree = "<group>"; };
		181800602B1B8C8A00D07546 /* Roboto-Bold.ttf */ = {isa = PBXFileReference; lastKnownFileType = file; path = "Roboto-Bold.ttf"; sourceTree = "<group>"; };
		181800612B1B8C8A00D07546 /* Roboto-Thin.ttf */ = {isa = PBXFileReference; lastKnownFileType = file; path = "Roboto-Thin.ttf"; sourceTree = "<group>"; };
		181800622B1B8C8A00D07546 /* Roboto-Black.ttf */ = {isa = PBXFileReference; lastKnownFileType = file; path = "Roboto-Black.ttf"; sourceTree = "<group>"; };
		1818006F2B1B8CA400D07546 /* Info.plist */ = {isa = PBXFileReference; lastKnownFileType = text.plist; path = Info.plist; sourceTree = "<group>"; };
		181800712B1B900C00D07546 /* FontViewModifier.swift */ = {isa = PBXFileReference; lastKnownFileType = sourcecode.swift; path = FontViewModifier.swift; sourceTree = "<group>"; };
		181800742B1B9F5500D07546 /* RemoteImageViewModel.swift */ = {isa = PBXFileReference; lastKnownFileType = sourcecode.swift; path = RemoteImageViewModel.swift; sourceTree = "<group>"; };
		181E0D3E2B13B38D002F5E9B /* Deocding+Bool.swift */ = {isa = PBXFileReference; lastKnownFileType = sourcecode.swift; path = "Deocding+Bool.swift"; sourceTree = "<group>"; };
		181E0D402B13B731002F5E9B /* AbstractProtocols.swift */ = {isa = PBXFileReference; lastKnownFileType = sourcecode.swift; path = AbstractProtocols.swift; sourceTree = "<group>"; };
		181E0D422B13BF0F002F5E9B /* Mocks.swift */ = {isa = PBXFileReference; lastKnownFileType = sourcecode.swift; path = Mocks.swift; sourceTree = "<group>"; };
		181E0D452B13BFDE002F5E9B /* Dependencies.swift */ = {isa = PBXFileReference; lastKnownFileType = sourcecode.swift; path = Dependencies.swift; sourceTree = "<group>"; };
		181E0D5D2B13CE69002F5E9B /* View+Extension.swift */ = {isa = PBXFileReference; lastKnownFileType = sourcecode.swift; path = "View+Extension.swift"; sourceTree = "<group>"; };
		181E0D6B2B1415A6002F5E9B /* HomeViewModelTest.swift */ = {isa = PBXFileReference; lastKnownFileType = sourcecode.swift; path = HomeViewModelTest.swift; sourceTree = "<group>"; };
		183C2A4E2B1BDABD000FADFE /* CategoriesModule.swift */ = {isa = PBXFileReference; lastKnownFileType = sourcecode.swift; path = CategoriesModule.swift; sourceTree = "<group>"; };
		183C2A502B1BDAD2000FADFE /* CategoriesView.swift */ = {isa = PBXFileReference; lastKnownFileType = sourcecode.swift; path = CategoriesView.swift; sourceTree = "<group>"; };
		183C2A522B1BDAD9000FADFE /* CategoriesViewModel.swift */ = {isa = PBXFileReference; lastKnownFileType = sourcecode.swift; path = CategoriesViewModel.swift; sourceTree = "<group>"; };
		183C2A542B1BE686000FADFE /* ChannelsModule.swift */ = {isa = PBXFileReference; lastKnownFileType = sourcecode.swift; path = ChannelsModule.swift; sourceTree = "<group>"; };
		183C2A562B1BE68A000FADFE /* ChannelsView.swift */ = {isa = PBXFileReference; lastKnownFileType = sourcecode.swift; path = ChannelsView.swift; sourceTree = "<group>"; };
		183C2A582B1BE69C000FADFE /* ChannelsViewModel.swift */ = {isa = PBXFileReference; lastKnownFileType = sourcecode.swift; path = ChannelsViewModel.swift; sourceTree = "<group>"; };
		183C2A5B2B1C9F51000FADFE /* ChannelHeaderView.swift */ = {isa = PBXFileReference; lastKnownFileType = sourcecode.swift; path = ChannelHeaderView.swift; sourceTree = "<group>"; };
		183C2A5D2B1CA00E000FADFE /* CourseView.swift */ = {isa = PBXFileReference; lastKnownFileType = sourcecode.swift; path = CourseView.swift; sourceTree = "<group>"; };
		183C2A5F2B1CA058000FADFE /* SeriesView.swift */ = {isa = PBXFileReference; lastKnownFileType = sourcecode.swift; path = SeriesView.swift; sourceTree = "<group>"; };
		183C2A612B1D3795000FADFE /* Float+Extension.swift */ = {isa = PBXFileReference; lastKnownFileType = sourcecode.swift; path = "Float+Extension.swift"; sourceTree = "<group>"; };
		183C2A632B1D379B000FADFE /* String+Extension.swift */ = {isa = PBXFileReference; lastKnownFileType = sourcecode.swift; path = "String+Extension.swift"; sourceTree = "<group>"; };
		183C2A652B1D37B3000FADFE /* Color+Extension.swift */ = {isa = PBXFileReference; lastKnownFileType = sourcecode.swift; path = "Color+Extension.swift"; sourceTree = "<group>"; };
		183C2A672B1D384E000FADFE /* Previewer.swift */ = {isa = PBXFileReference; lastKnownFileType = sourcecode.swift; path = Previewer.swift; sourceTree = "<group>"; };
		183C2A6A2B1D4A2B000FADFE /* EpisodesTileView.swift */ = {isa = PBXFileReference; lastKnownFileType = sourcecode.swift; path = EpisodesTileView.swift; sourceTree = "<group>"; };
		183C2A6C2B1D4A62000FADFE /* EpisodeTileListView.swift */ = {isa = PBXFileReference; lastKnownFileType = sourcecode.swift; path = EpisodeTileListView.swift; sourceTree = "<group>"; };
		183C2A702B1DFBDD000FADFE /* DebugUITheme+Extensions.swift */ = {isa = PBXFileReference; fileEncoding = 4; lastKnownFileType = sourcecode.swift; path = "DebugUITheme+Extensions.swift"; sourceTree = "<group>"; };
		186950B12B0E5BB100323E71 /* MetFlix.app */ = {isa = PBXFileReference; explicitFileType = wrapper.application; includeInIndex = 0; path = MetFlix.app; sourceTree = BUILT_PRODUCTS_DIR; };
		186950B42B0E5BB100323E71 /* MetFlixApp.swift */ = {isa = PBXFileReference; lastKnownFileType = sourcecode.swift; path = MetFlixApp.swift; sourceTree = "<group>"; };
		186950B82B0E5BB300323E71 /* Assets.xcassets */ = {isa = PBXFileReference; lastKnownFileType = folder.assetcatalog; path = Assets.xcassets; sourceTree = "<group>"; };
		186950BB2B0E5BB300323E71 /* Preview Assets.xcassets */ = {isa = PBXFileReference; lastKnownFileType = folder.assetcatalog; path = "Preview Assets.xcassets"; sourceTree = "<group>"; };
		186950C12B0E5BB300323E71 /* MetFlixTests.xctest */ = {isa = PBXFileReference; explicitFileType = wrapper.cfbundle; includeInIndex = 0; path = MetFlixTests.xctest; sourceTree = BUILT_PRODUCTS_DIR; };
		186950C52B0E5BB300323E71 /* MetFlixTests.swift */ = {isa = PBXFileReference; lastKnownFileType = sourcecode.swift; path = MetFlixTests.swift; sourceTree = "<group>"; };
		186950CB2B0E5BB300323E71 /* MetFlixUITests.xctest */ = {isa = PBXFileReference; explicitFileType = wrapper.cfbundle; includeInIndex = 0; path = MetFlixUITests.xctest; sourceTree = BUILT_PRODUCTS_DIR; };
		186950CF2B0E5BB300323E71 /* MetFlixUITests.swift */ = {isa = PBXFileReference; lastKnownFileType = sourcecode.swift; path = MetFlixUITests.swift; sourceTree = "<group>"; };
		186950D12B0E5BB300323E71 /* MetFlixUITestsLaunchTests.swift */ = {isa = PBXFileReference; lastKnownFileType = sourcecode.swift; path = MetFlixUITestsLaunchTests.swift; sourceTree = "<group>"; };
		186950EF2B0E5F0800323E71 /* AppFactory.swift */ = {isa = PBXFileReference; lastKnownFileType = sourcecode.swift; path = AppFactory.swift; sourceTree = "<group>"; };
		186950FC2B0E7EF300323E71 /* App+Dependencies.swift */ = {isa = PBXFileReference; lastKnownFileType = sourcecode.swift; path = "App+Dependencies.swift"; sourceTree = "<group>"; };
		186951012B0E845D00323E71 /* Endpoints.swift */ = {isa = PBXFileReference; lastKnownFileType = sourcecode.swift; path = Endpoints.swift; sourceTree = "<group>"; };
		186951032B0E857F00323E71 /* LaunchConfiguration.swift */ = {isa = PBXFileReference; lastKnownFileType = sourcecode.swift; path = LaunchConfiguration.swift; sourceTree = "<group>"; };
		186951062B0E8AC500323E71 /* Debugger+Extensions.swift */ = {isa = PBXFileReference; lastKnownFileType = sourcecode.swift; path = "Debugger+Extensions.swift"; sourceTree = "<group>"; };
		1869510E2B0E96E200323E71 /* Internet.swift */ = {isa = PBXFileReference; lastKnownFileType = sourcecode.swift; path = Internet.swift; sourceTree = "<group>"; };
		186951162B0EBED600323E71 /* CacheManager.swift */ = {isa = PBXFileReference; lastKnownFileType = sourcecode.swift; path = CacheManager.swift; sourceTree = "<group>"; };
		186951182B0EBFBC00323E71 /* Cache.swift */ = {isa = PBXFileReference; lastKnownFileType = sourcecode.swift; path = Cache.swift; sourceTree = "<group>"; };
		1869511A2B0EC36D00323E71 /* AppRemoteAssets.swift */ = {isa = PBXFileReference; lastKnownFileType = sourcecode.swift; path = AppRemoteAssets.swift; sourceTree = "<group>"; };
		186951232B0EC58F00323E71 /* AnimatedView.swift */ = {isa = PBXFileReference; lastKnownFileType = sourcecode.swift; path = AnimatedView.swift; sourceTree = "<group>"; };
		1869514D2B0FDADD00323E71 /* RemoteImageView.swift */ = {isa = PBXFileReference; lastKnownFileType = sourcecode.swift; path = RemoteImageView.swift; sourceTree = "<group>"; };
		186951502B0FDB9D00323E71 /* Config.swift */ = {isa = PBXFileReference; lastKnownFileType = sourcecode.swift; path = Config.swift; sourceTree = "<group>"; };
		186951522B0FDD3900323E71 /* image_loading_animation.json */ = {isa = PBXFileReference; fileEncoding = 4; lastKnownFileType = text.json; path = image_loading_animation.json; sourceTree = "<group>"; };
		186951532B0FDD3900323E71 /* error_animation.json */ = {isa = PBXFileReference; fileEncoding = 4; lastKnownFileType = text.json; path = error_animation.json; sourceTree = "<group>"; };
		186951592B0FEDB700323E71 /* loading_animation.json */ = {isa = PBXFileReference; fileEncoding = 4; lastKnownFileType = text.json; path = loading_animation.json; sourceTree = "<group>"; };
		1869515B2B0FF9DB00323E71 /* ErrorView.swift */ = {isa = PBXFileReference; lastKnownFileType = sourcecode.swift; path = ErrorView.swift; sourceTree = "<group>"; };
		1869515D2B0FFC1A00323E71 /* no_result_animation.json */ = {isa = PBXFileReference; fileEncoding = 4; lastKnownFileType = text.json; path = no_result_animation.json; sourceTree = "<group>"; };
		1869515F2B1034E600323E71 /* AppStateModel.swift */ = {isa = PBXFileReference; lastKnownFileType = sourcecode.swift; path = AppStateModel.swift; sourceTree = "<group>"; };
		186951632B10471100323E71 /* RatingView.swift */ = {isa = PBXFileReference; lastKnownFileType = sourcecode.swift; path = RatingView.swift; sourceTree = "<group>"; };
		186951672B10CB4100323E71 /* SeparatorView.swift */ = {isa = PBXFileReference; lastKnownFileType = sourcecode.swift; path = SeparatorView.swift; sourceTree = "<group>"; };
/* End PBXFileReference section */

/* Begin PBXFrameworksBuildPhase section */
		186950AE2B0E5BB100323E71 /* Frameworks */ = {
			isa = PBXFrameworksBuildPhase;
			buildActionMask = 2147483647;
			files = (
				186950F52B0E614300323E71 /* core_architecture in Frameworks */,
				186950FB2B0E614300323E71 /* Network in Frameworks */,
				186950F72B0E614300323E71 /* Debugger in Frameworks */,
				186950F92B0E614300323E71 /* DebuggerUI in Frameworks */,
				186951212B0EC56000323E71 /* Lottie in Frameworks */,
			);
			runOnlyForDeploymentPostprocessing = 0;
		};
		186950BE2B0E5BB300323E71 /* Frameworks */ = {
			isa = PBXFrameworksBuildPhase;
			buildActionMask = 2147483647;
			files = (
				181E0D482B13C0DE002F5E9B /* core_architecture in Frameworks */,
				181E0D4E2B13C0DE002F5E9B /* Network in Frameworks */,
				181E0D4A2B13C0DE002F5E9B /* Debugger in Frameworks */,
				181E0D4C2B13C0DE002F5E9B /* DebuggerUI in Frameworks */,
				181E0D522B13C0DE002F5E9B /* Lottie in Frameworks */,
			);
			runOnlyForDeploymentPostprocessing = 0;
		};
		186950C82B0E5BB300323E71 /* Frameworks */ = {
			isa = PBXFrameworksBuildPhase;
			buildActionMask = 2147483647;
			files = (
			);
			runOnlyForDeploymentPostprocessing = 0;
		};
/* End PBXFrameworksBuildPhase section */

/* Begin PBXGroup section */
		1818002F2B1A5F5900D07546 /* Episodes */ = {
			isa = PBXGroup;
			children = (
				181800272B1A5B3900D07546 /* Episode.swift */,
				181800342B1A5FC500D07546 /* Episode+Preview.swift */,
			);
			path = Episodes;
			sourceTree = "<group>";
		};
		181800302B1A5F5F00D07546 /* Categories */ = {
			isa = PBXGroup;
			children = (
				1818002B2B1A5BDF00D07546 /* Categories.swift */,
				1818002D2B1A5F5300D07546 /* Categories+Preview.swift */,
			);
			path = Categories;
			sourceTree = "<group>";
		};
		181800312B1A5F6400D07546 /* Channels */ = {
			isa = PBXGroup;
			children = (
				181800292B1A5BBE00D07546 /* Channel.swift */,
				181800322B1A5F9C00D07546 /* Channel+Preview.swift */,
			);
			path = Channels;
			sourceTree = "<group>";
		};
		181800362B1A62DC00D07546 /* Service */ = {
			isa = PBXGroup;
			children = (
				181800372B1A62EA00D07546 /* MindValleyService.swift */,
				181800392B1A65A800D07546 /* MindValley+Dependency.swift */,
			);
			path = Service;
			sourceTree = "<group>";
		};
		1818003B2B1A674D00D07546 /* Home */ = {
			isa = PBXGroup;
			children = (
				1818003F2B1A917500D07546 /* HomeModule.swift */,
				181800412B1A917A00D07546 /* HomeView.swift */,
				181800432B1A918000D07546 /* HomeViewModel.swift */,
				181800452B1A91C500D07546 /* HomeUIM.swift */,
			);
			path = Home;
			sourceTree = "<group>";
		};
		1818003C2B1A675700D07546 /* Channel */ = {
			isa = PBXGroup;
			children = (
				1818004E2B1AAE4400D07546 /* ChannelsUIM.swift */,
				183C2A542B1BE686000FADFE /* ChannelsModule.swift */,
				183C2A5A2B1C9F45000FADFE /* Views */,
				183C2A582B1BE69C000FADFE /* ChannelsViewModel.swift */,
			);
			path = Channel;
			sourceTree = "<group>";
		};
		1818003D2B1A675D00D07546 /* Episode */ = {
			isa = PBXGroup;
			children = (
				1818004C2B1AAE3E00D07546 /* EpisodesUIM.swift */,
				181800502B1AB15600D07546 /* EpisodesViewModel.swift */,
				183C2A692B1D49F7000FADFE /* Views */,
				181800542B1AB24F00D07546 /* EpisodesModule.swift */,
			);
			path = Episode;
			sourceTree = "<group>";
		};
		1818003E2B1A676200D07546 /* Category */ = {
			isa = PBXGroup;
			children = (
				1818004A2B1AAE3700D07546 /* CategoriesUIM.swift */,
				183C2A4E2B1BDABD000FADFE /* CategoriesModule.swift */,
				183C2A502B1BDAD2000FADFE /* CategoriesView.swift */,
				183C2A522B1BDAD9000FADFE /* CategoriesViewModel.swift */,
			);
			path = Category;
			sourceTree = "<group>";
		};
		181800562B1B8C8A00D07546 /* Fonts */ = {
			isa = PBXGroup;
			children = (
				181800572B1B8C8A00D07546 /* Roboto-Medium.ttf */,
				181800582B1B8C8A00D07546 /* Roboto-Light.ttf */,
				181800592B1B8C8A00D07546 /* Roboto-Regular.ttf */,
				1818005A2B1B8C8A00D07546 /* Roboto-MediumItalic.ttf */,
				1818005B2B1B8C8A00D07546 /* Roboto-ThinItalic.ttf */,
				1818005C2B1B8C8A00D07546 /* Roboto-BoldItalic.ttf */,
				1818005D2B1B8C8A00D07546 /* Roboto-LightItalic.ttf */,
				1818005E2B1B8C8A00D07546 /* Roboto-Italic.ttf */,
				1818005F2B1B8C8A00D07546 /* Roboto-BlackItalic.ttf */,
				181800602B1B8C8A00D07546 /* Roboto-Bold.ttf */,
				181800612B1B8C8A00D07546 /* Roboto-Thin.ttf */,
				181800622B1B8C8A00D07546 /* Roboto-Black.ttf */,
			);
			path = Fonts;
			sourceTree = "<group>";
		};
		181800702B1B8FFC00D07546 /* ViewModifiers */ = {
			isa = PBXGroup;
			children = (
				181800712B1B900C00D07546 /* FontViewModifier.swift */,
			);
			path = ViewModifiers;
			sourceTree = "<group>";
		};
		181800732B1B9F4500D07546 /* RemoteImage */ = {
			isa = PBXGroup;
			children = (
				1869514D2B0FDADD00323E71 /* RemoteImageView.swift */,
				181800742B1B9F5500D07546 /* RemoteImageViewModel.swift */,
			);
			path = RemoteImage;
			sourceTree = "<group>";
		};
		181E0D442B13BFBC002F5E9B /* Core */ = {
			isa = PBXGroup;
			children = (
				181E0D422B13BF0F002F5E9B /* Mocks.swift */,
				181E0D452B13BFDE002F5E9B /* Dependencies.swift */,
			);
			path = Core;
			sourceTree = "<group>";
		};
		183C2A5A2B1C9F45000FADFE /* Views */ = {
			isa = PBXGroup;
			children = (
				183C2A562B1BE68A000FADFE /* ChannelsView.swift */,
				183C2A5B2B1C9F51000FADFE /* ChannelHeaderView.swift */,
				183C2A5D2B1CA00E000FADFE /* CourseView.swift */,
				183C2A5F2B1CA058000FADFE /* SeriesView.swift */,
			);
			path = Views;
			sourceTree = "<group>";
		};
		183C2A692B1D49F7000FADFE /* Views */ = {
			isa = PBXGroup;
			children = (
				181800522B1AB1E100D07546 /* EpisodesView.swift */,
				183C2A6A2B1D4A2B000FADFE /* EpisodesTileView.swift */,
				183C2A6C2B1D4A62000FADFE /* EpisodeTileListView.swift */,
			);
			path = Views;
			sourceTree = "<group>";
		};
		186950A82B0E5BB100323E71 = {
			isa = PBXGroup;
			children = (
				186950B32B0E5BB100323E71 /* MetFlix */,
				186950C42B0E5BB300323E71 /* MetFlixTests */,
				186950CE2B0E5BB300323E71 /* MetFlixUITests */,
				186950B22B0E5BB100323E71 /* Products */,
				186950F32B0E614300323E71 /* Frameworks */,
			);
			sourceTree = "<group>";
		};
		186950B22B0E5BB100323E71 /* Products */ = {
			isa = PBXGroup;
			children = (
				186950B12B0E5BB100323E71 /* MetFlix.app */,
				186950C12B0E5BB300323E71 /* MetFlixTests.xctest */,
				186950CB2B0E5BB300323E71 /* MetFlixUITests.xctest */,
			);
			name = Products;
			sourceTree = "<group>";
		};
		186950B32B0E5BB100323E71 /* MetFlix */ = {
			isa = PBXGroup;
			children = (
				1818006F2B1B8CA400D07546 /* Info.plist */,
				186950B42B0E5BB100323E71 /* MetFlixApp.swift */,
				1869515F2B1034E600323E71 /* AppStateModel.swift */,
				181E0D402B13B731002F5E9B /* AbstractProtocols.swift */,
				181E0D442B13BFBC002F5E9B /* Core */,
				186951342B0EC92A00323E71 /* Modules */,
				186951222B0EC57C00323E71 /* ReusableViews */,
				186951052B0E8AB900323E71 /* Extensions */,
				186950FE2B0E833E00323E71 /* Networking */,
				186950EE2B0E5EFB00323E71 /* App */,
				186950B82B0E5BB300323E71 /* Assets.xcassets */,
				186951292B0EC87C00323E71 /* Resources */,
				186950BA2B0E5BB300323E71 /* Preview Content */,
			);
			path = MetFlix;
			sourceTree = "<group>";
		};
		186950BA2B0E5BB300323E71 /* Preview Content */ = {
			isa = PBXGroup;
			children = (
				186950BB2B0E5BB300323E71 /* Preview Assets.xcassets */,
			);
			path = "Preview Content";
			sourceTree = "<group>";
		};
		186950C42B0E5BB300323E71 /* MetFlixTests */ = {
			isa = PBXGroup;
			children = (
				186950C52B0E5BB300323E71 /* MetFlixTests.swift */,
				181E0D6B2B1415A6002F5E9B /* HomeViewModelTest.swift */,
			);
			path = MetFlixTests;
			sourceTree = "<group>";
		};
		186950CE2B0E5BB300323E71 /* MetFlixUITests */ = {
			isa = PBXGroup;
			children = (
				186950CF2B0E5BB300323E71 /* MetFlixUITests.swift */,
				186950D12B0E5BB300323E71 /* MetFlixUITestsLaunchTests.swift */,
			);
			path = MetFlixUITests;
			sourceTree = "<group>";
		};
		186950EE2B0E5EFB00323E71 /* App */ = {
			isa = PBXGroup;
			children = (
				1869514F2B0FDB8E00323E71 /* Configuration */,
				186950EF2B0E5F0800323E71 /* AppFactory.swift */,
				186951012B0E845D00323E71 /* Endpoints.swift */,
				1869511A2B0EC36D00323E71 /* AppRemoteAssets.swift */,
				186950FC2B0E7EF300323E71 /* App+Dependencies.swift */,
			);
			path = App;
			sourceTree = "<group>";
		};
		186950F32B0E614300323E71 /* Frameworks */ = {
			isa = PBXGroup;
			children = (
			);
			name = Frameworks;
			sourceTree = "<group>";
		};
		186950FE2B0E833E00323E71 /* Networking */ = {
			isa = PBXGroup;
			children = (
				181800362B1A62DC00D07546 /* Service */,
				186951152B0EBECF00323E71 /* Cache */,
				186951102B0EBD9D00323E71 /* DataModel */,
				1869510E2B0E96E200323E71 /* Internet.swift */,
			);
			path = Networking;
			sourceTree = "<group>";
		};
		186951052B0E8AB900323E71 /* Extensions */ = {
			isa = PBXGroup;
			children = (
				186951062B0E8AC500323E71 /* Debugger+Extensions.swift */,
				181E0D3E2B13B38D002F5E9B /* Deocding+Bool.swift */,
				183C2A612B1D3795000FADFE /* Float+Extension.swift */,
				183C2A702B1DFBDD000FADFE /* DebugUITheme+Extensions.swift */,
				183C2A632B1D379B000FADFE /* String+Extension.swift */,
				183C2A652B1D37B3000FADFE /* Color+Extension.swift */,
				181E0D5D2B13CE69002F5E9B /* View+Extension.swift */,
			);
			path = Extensions;
			sourceTree = "<group>";
		};
		186951102B0EBD9D00323E71 /* DataModel */ = {
			isa = PBXGroup;
			children = (
				181800312B1A5F6400D07546 /* Channels */,
				181800302B1A5F5F00D07546 /* Categories */,
				1818002F2B1A5F5900D07546 /* Episodes */,
			);
			path = DataModel;
			sourceTree = "<group>";
		};
		186951152B0EBECF00323E71 /* Cache */ = {
			isa = PBXGroup;
			children = (
				186951162B0EBED600323E71 /* CacheManager.swift */,
				186951182B0EBFBC00323E71 /* Cache.swift */,
			);
			path = Cache;
			sourceTree = "<group>";
		};
		186951222B0EC57C00323E71 /* ReusableViews */ = {
			isa = PBXGroup;
			children = (
				181800702B1B8FFC00D07546 /* ViewModifiers */,
				186951232B0EC58F00323E71 /* AnimatedView.swift */,
				181800732B1B9F4500D07546 /* RemoteImage */,
				1869515B2B0FF9DB00323E71 /* ErrorView.swift */,
				186951632B10471100323E71 /* RatingView.swift */,
				186951672B10CB4100323E71 /* SeparatorView.swift */,
				183C2A672B1D384E000FADFE /* Previewer.swift */,
			);
			path = ReusableViews;
			sourceTree = "<group>";
		};
		186951292B0EC87C00323E71 /* Resources */ = {
			isa = PBXGroup;
			children = (
				181800562B1B8C8A00D07546 /* Fonts */,
				1869512A2B0EC88700323E71 /* Animations */,
			);
			path = Resources;
			sourceTree = "<group>";
		};
		1869512A2B0EC88700323E71 /* Animations */ = {
			isa = PBXGroup;
			children = (
				186951532B0FDD3900323E71 /* error_animation.json */,
				186951592B0FEDB700323E71 /* loading_animation.json */,
				1869515D2B0FFC1A00323E71 /* no_result_animation.json */,
				186951522B0FDD3900323E71 /* image_loading_animation.json */,
			);
			path = Animations;
			sourceTree = "<group>";
		};
		186951342B0EC92A00323E71 /* Modules */ = {
			isa = PBXGroup;
			children = (
				1818003E2B1A676200D07546 /* Category */,
				1818003D2B1A675D00D07546 /* Episode */,
				1818003C2B1A675700D07546 /* Channel */,
				1818003B2B1A674D00D07546 /* Home */,
			);
			path = Modules;
			sourceTree = "<group>";
		};
		1869514F2B0FDB8E00323E71 /* Configuration */ = {
			isa = PBXGroup;
			children = (
				186951032B0E857F00323E71 /* LaunchConfiguration.swift */,
				186951502B0FDB9D00323E71 /* Config.swift */,
			);
			path = Configuration;
			sourceTree = "<group>";
		};
/* End PBXGroup section */

/* Begin PBXNativeTarget section */
		186950B02B0E5BB100323E71 /* MetFlix */ = {
			isa = PBXNativeTarget;
			buildConfigurationList = 186950D52B0E5BB300323E71 /* Build configuration list for PBXNativeTarget "MetFlix" */;
			buildPhases = (
				186950AD2B0E5BB100323E71 /* Sources */,
				186950AE2B0E5BB100323E71 /* Frameworks */,
				186950AF2B0E5BB100323E71 /* Resources */,
			);
			buildRules = (
			);
			dependencies = (
			);
			name = MetFlix;
			packageProductDependencies = (
				186950F42B0E614300323E71 /* core_architecture */,
				186950F62B0E614300323E71 /* Debugger */,
				186950F82B0E614300323E71 /* DebuggerUI */,
				186950FA2B0E614300323E71 /* Network */,
				186951202B0EC56000323E71 /* Lottie */,
			);
			productName = MetFlix;
			productReference = 186950B12B0E5BB100323E71 /* MetFlix.app */;
			productType = "com.apple.product-type.application";
		};
		186950C02B0E5BB300323E71 /* MetFlixTests */ = {
			isa = PBXNativeTarget;
			buildConfigurationList = 186950D82B0E5BB300323E71 /* Build configuration list for PBXNativeTarget "MetFlixTests" */;
			buildPhases = (
				186950BD2B0E5BB300323E71 /* Sources */,
				186950BE2B0E5BB300323E71 /* Frameworks */,
				186950BF2B0E5BB300323E71 /* Resources */,
			);
			buildRules = (
			);
			dependencies = (
				186950C32B0E5BB300323E71 /* PBXTargetDependency */,
			);
			name = MetFlixTests;
			packageProductDependencies = (
				181E0D472B13C0DE002F5E9B /* core_architecture */,
				181E0D492B13C0DE002F5E9B /* Debugger */,
				181E0D4B2B13C0DE002F5E9B /* DebuggerUI */,
				181E0D4D2B13C0DE002F5E9B /* Network */,
				181E0D512B13C0DE002F5E9B /* Lottie */,
			);
			productName = MetFlixTests;
			productReference = 186950C12B0E5BB300323E71 /* MetFlixTests.xctest */;
			productType = "com.apple.product-type.bundle.unit-test";
		};
		186950CA2B0E5BB300323E71 /* MetFlixUITests */ = {
			isa = PBXNativeTarget;
			buildConfigurationList = 186950DB2B0E5BB300323E71 /* Build configuration list for PBXNativeTarget "MetFlixUITests" */;
			buildPhases = (
				186950C72B0E5BB300323E71 /* Sources */,
				186950C82B0E5BB300323E71 /* Frameworks */,
				186950C92B0E5BB300323E71 /* Resources */,
			);
			buildRules = (
			);
			dependencies = (
				186950CD2B0E5BB300323E71 /* PBXTargetDependency */,
			);
			name = MetFlixUITests;
			productName = MetFlixUITests;
			productReference = 186950CB2B0E5BB300323E71 /* MetFlixUITests.xctest */;
			productType = "com.apple.product-type.bundle.ui-testing";
		};
/* End PBXNativeTarget section */

/* Begin PBXProject section */
		186950A92B0E5BB100323E71 /* Project object */ = {
			isa = PBXProject;
			attributes = {
				BuildIndependentTargetsInParallel = 1;
				LastSwiftUpdateCheck = 1420;
				LastUpgradeCheck = 1420;
				TargetAttributes = {
					186950B02B0E5BB100323E71 = {
						CreatedOnToolsVersion = 14.2;
					};
					186950C02B0E5BB300323E71 = {
						CreatedOnToolsVersion = 14.2;
						TestTargetID = 186950B02B0E5BB100323E71;
					};
					186950CA2B0E5BB300323E71 = {
						CreatedOnToolsVersion = 14.2;
						TestTargetID = 186950B02B0E5BB100323E71;
					};
				};
			};
			buildConfigurationList = 186950AC2B0E5BB100323E71 /* Build configuration list for PBXProject "MetFlix" */;
			compatibilityVersion = "Xcode 14.0";
			developmentRegion = en;
			hasScannedForEncodings = 0;
			knownRegions = (
				en,
				Base,
			);
			mainGroup = 186950A82B0E5BB100323E71;
			packageReferences = (
				186950DE2B0E5C0F00323E71 /* XCRemoteSwiftPackageReference "core_architecture" */,
				1869511F2B0EC56000323E71 /* XCRemoteSwiftPackageReference "lottie-ios" */,
			);
			productRefGroup = 186950B22B0E5BB100323E71 /* Products */;
			projectDirPath = "";
			projectRoot = "";
			targets = (
				186950B02B0E5BB100323E71 /* MetFlix */,
				186950C02B0E5BB300323E71 /* MetFlixTests */,
				186950CA2B0E5BB300323E71 /* MetFlixUITests */,
			);
		};
/* End PBXProject section */

/* Begin PBXResourcesBuildPhase section */
		186950AF2B0E5BB100323E71 /* Resources */ = {
			isa = PBXResourcesBuildPhase;
			buildActionMask = 2147483647;
			files = (
				1869515E2B0FFC1B00323E71 /* no_result_animation.json in Resources */,
				186951542B0FDD3900323E71 /* image_loading_animation.json in Resources */,
				1818006D2B1B8C8A00D07546 /* Roboto-Thin.ttf in Resources */,
				186951552B0FDD3900323E71 /* error_animation.json in Resources */,
				181800672B1B8C8A00D07546 /* Roboto-ThinItalic.ttf in Resources */,
				1818006E2B1B8C8A00D07546 /* Roboto-Black.ttf in Resources */,
				181800692B1B8C8A00D07546 /* Roboto-LightItalic.ttf in Resources */,
				181800632B1B8C8A00D07546 /* Roboto-Medium.ttf in Resources */,
				1869515A2B0FEDB700323E71 /* loading_animation.json in Resources */,
				1818006B2B1B8C8A00D07546 /* Roboto-BlackItalic.ttf in Resources */,
				181800682B1B8C8A00D07546 /* Roboto-BoldItalic.ttf in Resources */,
				186950BC2B0E5BB300323E71 /* Preview Assets.xcassets in Resources */,
				181800662B1B8C8A00D07546 /* Roboto-MediumItalic.ttf in Resources */,
				181800652B1B8C8A00D07546 /* Roboto-Regular.ttf in Resources */,
				1818006A2B1B8C8A00D07546 /* Roboto-Italic.ttf in Resources */,
				181800642B1B8C8A00D07546 /* Roboto-Light.ttf in Resources */,
				1818006C2B1B8C8A00D07546 /* Roboto-Bold.ttf in Resources */,
				186950B92B0E5BB300323E71 /* Assets.xcassets in Resources */,
			);
			runOnlyForDeploymentPostprocessing = 0;
		};
		186950BF2B0E5BB300323E71 /* Resources */ = {
			isa = PBXResourcesBuildPhase;
			buildActionMask = 2147483647;
			files = (
			);
			runOnlyForDeploymentPostprocessing = 0;
		};
		186950C92B0E5BB300323E71 /* Resources */ = {
			isa = PBXResourcesBuildPhase;
			buildActionMask = 2147483647;
			files = (
			);
			runOnlyForDeploymentPostprocessing = 0;
		};
/* End PBXResourcesBuildPhase section */

/* Begin PBXSourcesBuildPhase section */
		186950AD2B0E5BB100323E71 /* Sources */ = {
			isa = PBXSourcesBuildPhase;
			buildActionMask = 2147483647;
			files = (
				1818002E2B1A5F5300D07546 /* Categories+Preview.swift in Sources */,
				186950F02B0E5F0800323E71 /* AppFactory.swift in Sources */,
				186951512B0FDB9D00323E71 /* Config.swift in Sources */,
				1818004D2B1AAE3E00D07546 /* EpisodesUIM.swift in Sources */,
				183C2A712B1DFBDD000FADFE /* DebugUITheme+Extensions.swift in Sources */,
				181E0D582B13C72E002F5E9B /* Dependencies.swift in Sources */,
				1818004B2B1AAE3700D07546 /* CategoriesUIM.swift in Sources */,
				1869510F2B0E96E200323E71 /* Internet.swift in Sources */,
				183C2A6D2B1D4A62000FADFE /* EpisodeTileListView.swift in Sources */,
				181800422B1A917A00D07546 /* HomeView.swift in Sources */,
				183C2A512B1BDAD2000FADFE /* CategoriesView.swift in Sources */,
				183C2A532B1BDAD9000FADFE /* CategoriesViewModel.swift in Sources */,
				181800352B1A5FC500D07546 /* Episode+Preview.swift in Sources */,
				183C2A682B1D384E000FADFE /* Previewer.swift in Sources */,
				183C2A592B1BE69D000FADFE /* ChannelsViewModel.swift in Sources */,
				181800462B1A91C500D07546 /* HomeUIM.swift in Sources */,
				181E0D3F2B13B38D002F5E9B /* Deocding+Bool.swift in Sources */,
				183C2A662B1D37B3000FADFE /* Color+Extension.swift in Sources */,
				181800332B1A5F9C00D07546 /* Channel+Preview.swift in Sources */,
				183C2A622B1D3795000FADFE /* Float+Extension.swift in Sources */,
				181E0D412B13B731002F5E9B /* AbstractProtocols.swift in Sources */,
				1869515C2B0FF9DB00323E71 /* ErrorView.swift in Sources */,
				186950B52B0E5BB100323E71 /* MetFlixApp.swift in Sources */,
				183C2A4F2B1BDABD000FADFE /* CategoriesModule.swift in Sources */,
				1818002C2B1A5BDF00D07546 /* Categories.swift in Sources */,
				183C2A642B1D379B000FADFE /* String+Extension.swift in Sources */,
				1869511B2B0EC36D00323E71 /* AppRemoteAssets.swift in Sources */,
				181800402B1A917500D07546 /* HomeModule.swift in Sources */,
				181800532B1AB1E100D07546 /* EpisodesView.swift in Sources */,
				186951042B0E857F00323E71 /* LaunchConfiguration.swift in Sources */,
				181800382B1A62EA00D07546 /* MindValleyService.swift in Sources */,
				186951242B0EC58F00323E71 /* AnimatedView.swift in Sources */,
				181E0D592B13C734002F5E9B /* Mocks.swift in Sources */,
				181800282B1A5B3900D07546 /* Episode.swift in Sources */,
				183C2A572B1BE68A000FADFE /* ChannelsView.swift in Sources */,
				186951172B0EBED600323E71 /* CacheManager.swift in Sources */,
				181800512B1AB15600D07546 /* EpisodesViewModel.swift in Sources */,
				181800752B1B9F5500D07546 /* RemoteImageViewModel.swift in Sources */,
				181800722B1B900C00D07546 /* FontViewModifier.swift in Sources */,
				183C2A5E2B1CA00E000FADFE /* CourseView.swift in Sources */,
				183C2A552B1BE686000FADFE /* ChannelsModule.swift in Sources */,
				181800442B1A918000D07546 /* HomeViewModel.swift in Sources */,
				183C2A6B2B1D4A2B000FADFE /* EpisodesTileView.swift in Sources */,
				1818003A2B1A65A800D07546 /* MindValley+Dependency.swift in Sources */,
				186951192B0EBFBC00323E71 /* Cache.swift in Sources */,
				186951072B0E8AC500323E71 /* Debugger+Extensions.swift in Sources */,
				186951602B1034E600323E71 /* AppStateModel.swift in Sources */,
				1818002A2B1A5BBE00D07546 /* Channel.swift in Sources */,
				1818004F2B1AAE4400D07546 /* ChannelsUIM.swift in Sources */,
				186951022B0E845D00323E71 /* Endpoints.swift in Sources */,
				186951642B10471100323E71 /* RatingView.swift in Sources */,
				186950FD2B0E7EF300323E71 /* App+Dependencies.swift in Sources */,
				183C2A602B1CA058000FADFE /* SeriesView.swift in Sources */,
				1869514E2B0FDADD00323E71 /* RemoteImageView.swift in Sources */,
				181800552B1AB24F00D07546 /* EpisodesModule.swift in Sources */,
				186951682B10CB4100323E71 /* SeparatorView.swift in Sources */,
				183C2A5C2B1C9F51000FADFE /* ChannelHeaderView.swift in Sources */,
				181E0D5E2B13CE69002F5E9B /* View+Extension.swift in Sources */,
			);
			runOnlyForDeploymentPostprocessing = 0;
		};
		186950BD2B0E5BB300323E71 /* Sources */ = {
			isa = PBXSourcesBuildPhase;
			buildActionMask = 2147483647;
			files = (
				186950C62B0E5BB300323E71 /* MetFlixTests.swift in Sources */,
				181E0D6C2B1415A6002F5E9B /* HomeViewModelTest.swift in Sources */,
			);
			runOnlyForDeploymentPostprocessing = 0;
		};
		186950C72B0E5BB300323E71 /* Sources */ = {
			isa = PBXSourcesBuildPhase;
			buildActionMask = 2147483647;
			files = (
				186950D22B0E5BB300323E71 /* MetFlixUITestsLaunchTests.swift in Sources */,
				186950D02B0E5BB300323E71 /* MetFlixUITests.swift in Sources */,
			);
			runOnlyForDeploymentPostprocessing = 0;
		};
/* End PBXSourcesBuildPhase section */

/* Begin PBXTargetDependency section */
		186950C32B0E5BB300323E71 /* PBXTargetDependency */ = {
			isa = PBXTargetDependency;
			target = 186950B02B0E5BB100323E71 /* MetFlix */;
			targetProxy = 186950C22B0E5BB300323E71 /* PBXContainerItemProxy */;
		};
		186950CD2B0E5BB300323E71 /* PBXTargetDependency */ = {
			isa = PBXTargetDependency;
			target = 186950B02B0E5BB100323E71 /* MetFlix */;
			targetProxy = 186950CC2B0E5BB300323E71 /* PBXContainerItemProxy */;
		};
/* End PBXTargetDependency section */

/* Begin XCBuildConfiguration section */
		186950D32B0E5BB300323E71 /* Debug */ = {
			isa = XCBuildConfiguration;
			buildSettings = {
				ALWAYS_SEARCH_USER_PATHS = NO;
				CLANG_ANALYZER_NONNULL = YES;
				CLANG_ANALYZER_NUMBER_OBJECT_CONVERSION = YES_AGGRESSIVE;
				CLANG_CXX_LANGUAGE_STANDARD = "gnu++20";
				CLANG_ENABLE_MODULES = YES;
				CLANG_ENABLE_OBJC_ARC = YES;
				CLANG_ENABLE_OBJC_WEAK = YES;
				CLANG_WARN_BLOCK_CAPTURE_AUTORELEASING = YES;
				CLANG_WARN_BOOL_CONVERSION = YES;
				CLANG_WARN_COMMA = YES;
				CLANG_WARN_CONSTANT_CONVERSION = YES;
				CLANG_WARN_DEPRECATED_OBJC_IMPLEMENTATIONS = YES;
				CLANG_WARN_DIRECT_OBJC_ISA_USAGE = YES_ERROR;
				CLANG_WARN_DOCUMENTATION_COMMENTS = YES;
				CLANG_WARN_EMPTY_BODY = YES;
				CLANG_WARN_ENUM_CONVERSION = YES;
				CLANG_WARN_INFINITE_RECURSION = YES;
				CLANG_WARN_INT_CONVERSION = YES;
				CLANG_WARN_NON_LITERAL_NULL_CONVERSION = YES;
				CLANG_WARN_OBJC_IMPLICIT_RETAIN_SELF = YES;
				CLANG_WARN_OBJC_LITERAL_CONVERSION = YES;
				CLANG_WARN_OBJC_ROOT_CLASS = YES_ERROR;
				CLANG_WARN_QUOTED_INCLUDE_IN_FRAMEWORK_HEADER = YES;
				CLANG_WARN_RANGE_LOOP_ANALYSIS = YES;
				CLANG_WARN_STRICT_PROTOTYPES = YES;
				CLANG_WARN_SUSPICIOUS_MOVE = YES;
				CLANG_WARN_UNGUARDED_AVAILABILITY = YES_AGGRESSIVE;
				CLANG_WARN_UNREACHABLE_CODE = YES;
				CLANG_WARN__DUPLICATE_METHOD_MATCH = YES;
				COPY_PHASE_STRIP = NO;
				DEBUG_INFORMATION_FORMAT = dwarf;
				ENABLE_STRICT_OBJC_MSGSEND = YES;
				ENABLE_TESTABILITY = YES;
				GCC_C_LANGUAGE_STANDARD = gnu11;
				GCC_DYNAMIC_NO_PIC = NO;
				GCC_NO_COMMON_BLOCKS = YES;
				GCC_OPTIMIZATION_LEVEL = 0;
				GCC_PREPROCESSOR_DEFINITIONS = (
					"DEBUG=1",
					"$(inherited)",
				);
				GCC_WARN_64_TO_32_BIT_CONVERSION = YES;
				GCC_WARN_ABOUT_RETURN_TYPE = YES_ERROR;
				GCC_WARN_UNDECLARED_SELECTOR = YES;
				GCC_WARN_UNINITIALIZED_AUTOS = YES_AGGRESSIVE;
				GCC_WARN_UNUSED_FUNCTION = YES;
				GCC_WARN_UNUSED_VARIABLE = YES;
				IPHONEOS_DEPLOYMENT_TARGET = 16.0;
				MTL_ENABLE_DEBUG_INFO = INCLUDE_SOURCE;
				MTL_FAST_MATH = YES;
				ONLY_ACTIVE_ARCH = YES;
				SDKROOT = iphoneos;
				SWIFT_ACTIVE_COMPILATION_CONDITIONS = DEBUG;
				SWIFT_OPTIMIZATION_LEVEL = "-Onone";
			};
			name = Debug;
		};
		186950D42B0E5BB300323E71 /* Release */ = {
			isa = XCBuildConfiguration;
			buildSettings = {
				ALWAYS_SEARCH_USER_PATHS = NO;
				CLANG_ANALYZER_NONNULL = YES;
				CLANG_ANALYZER_NUMBER_OBJECT_CONVERSION = YES_AGGRESSIVE;
				CLANG_CXX_LANGUAGE_STANDARD = "gnu++20";
				CLANG_ENABLE_MODULES = YES;
				CLANG_ENABLE_OBJC_ARC = YES;
				CLANG_ENABLE_OBJC_WEAK = YES;
				CLANG_WARN_BLOCK_CAPTURE_AUTORELEASING = YES;
				CLANG_WARN_BOOL_CONVERSION = YES;
				CLANG_WARN_COMMA = YES;
				CLANG_WARN_CONSTANT_CONVERSION = YES;
				CLANG_WARN_DEPRECATED_OBJC_IMPLEMENTATIONS = YES;
				CLANG_WARN_DIRECT_OBJC_ISA_USAGE = YES_ERROR;
				CLANG_WARN_DOCUMENTATION_COMMENTS = YES;
				CLANG_WARN_EMPTY_BODY = YES;
				CLANG_WARN_ENUM_CONVERSION = YES;
				CLANG_WARN_INFINITE_RECURSION = YES;
				CLANG_WARN_INT_CONVERSION = YES;
				CLANG_WARN_NON_LITERAL_NULL_CONVERSION = YES;
				CLANG_WARN_OBJC_IMPLICIT_RETAIN_SELF = YES;
				CLANG_WARN_OBJC_LITERAL_CONVERSION = YES;
				CLANG_WARN_OBJC_ROOT_CLASS = YES_ERROR;
				CLANG_WARN_QUOTED_INCLUDE_IN_FRAMEWORK_HEADER = YES;
				CLANG_WARN_RANGE_LOOP_ANALYSIS = YES;
				CLANG_WARN_STRICT_PROTOTYPES = YES;
				CLANG_WARN_SUSPICIOUS_MOVE = YES;
				CLANG_WARN_UNGUARDED_AVAILABILITY = YES_AGGRESSIVE;
				CLANG_WARN_UNREACHABLE_CODE = YES;
				CLANG_WARN__DUPLICATE_METHOD_MATCH = YES;
				COPY_PHASE_STRIP = NO;
				DEBUG_INFORMATION_FORMAT = "dwarf-with-dsym";
				ENABLE_NS_ASSERTIONS = NO;
				ENABLE_STRICT_OBJC_MSGSEND = YES;
				GCC_C_LANGUAGE_STANDARD = gnu11;
				GCC_NO_COMMON_BLOCKS = YES;
				GCC_WARN_64_TO_32_BIT_CONVERSION = YES;
				GCC_WARN_ABOUT_RETURN_TYPE = YES_ERROR;
				GCC_WARN_UNDECLARED_SELECTOR = YES;
				GCC_WARN_UNINITIALIZED_AUTOS = YES_AGGRESSIVE;
				GCC_WARN_UNUSED_FUNCTION = YES;
				GCC_WARN_UNUSED_VARIABLE = YES;
				IPHONEOS_DEPLOYMENT_TARGET = 16.0;
				MTL_ENABLE_DEBUG_INFO = NO;
				MTL_FAST_MATH = YES;
				SDKROOT = iphoneos;
				SWIFT_COMPILATION_MODE = wholemodule;
				SWIFT_OPTIMIZATION_LEVEL = "-O";
				VALIDATE_PRODUCT = YES;
			};
			name = Release;
		};
		186950D62B0E5BB300323E71 /* Debug */ = {
			isa = XCBuildConfiguration;
			buildSettings = {
				ASSETCATALOG_COMPILER_APPICON_NAME = AppIcon;
				ASSETCATALOG_COMPILER_GLOBAL_ACCENT_COLOR_NAME = AccentColor;
				CODE_SIGN_STYLE = Automatic;
				CURRENT_PROJECT_VERSION = 1;
				DEVELOPMENT_ASSET_PATHS = "\"MetFlix/Preview Content\"";
				ENABLE_PREVIEWS = YES;
				GENERATE_INFOPLIST_FILE = YES;
				INFOPLIST_FILE = MetFlix/Info.plist;
				INFOPLIST_KEY_UIApplicationSceneManifest_Generation = YES;
				INFOPLIST_KEY_UIApplicationSupportsIndirectInputEvents = YES;
				INFOPLIST_KEY_UILaunchScreen_Generation = YES;
				INFOPLIST_KEY_UISupportedInterfaceOrientations_iPad = "UIInterfaceOrientationPortrait UIInterfaceOrientationPortraitUpsideDown UIInterfaceOrientationLandscapeLeft UIInterfaceOrientationLandscapeRight";
				INFOPLIST_KEY_UISupportedInterfaceOrientations_iPhone = "UIInterfaceOrientationPortrait UIInterfaceOrientationLandscapeLeft UIInterfaceOrientationLandscapeRight";
				LD_RUNPATH_SEARCH_PATHS = (
					"$(inherited)",
					"@executable_path/Frameworks",
				);
				MARKETING_VERSION = 1.0;
				PRODUCT_BUNDLE_IDENTIFIER = com.yashc.MathMaster.MetFlix;
				PRODUCT_NAME = "$(TARGET_NAME)";
				SWIFT_EMIT_LOC_STRINGS = YES;
				SWIFT_VERSION = 5.0;
				TARGETED_DEVICE_FAMILY = "1,2";
			};
			name = Debug;
		};
		186950D72B0E5BB300323E71 /* Release */ = {
			isa = XCBuildConfiguration;
			buildSettings = {
				ASSETCATALOG_COMPILER_APPICON_NAME = AppIcon;
				ASSETCATALOG_COMPILER_GLOBAL_ACCENT_COLOR_NAME = AccentColor;
				CODE_SIGN_STYLE = Automatic;
				CURRENT_PROJECT_VERSION = 1;
				DEVELOPMENT_ASSET_PATHS = "\"MetFlix/Preview Content\"";
				ENABLE_PREVIEWS = YES;
				GENERATE_INFOPLIST_FILE = YES;
				INFOPLIST_FILE = MetFlix/Info.plist;
				INFOPLIST_KEY_UIApplicationSceneManifest_Generation = YES;
				INFOPLIST_KEY_UIApplicationSupportsIndirectInputEvents = YES;
				INFOPLIST_KEY_UILaunchScreen_Generation = YES;
				INFOPLIST_KEY_UISupportedInterfaceOrientations_iPad = "UIInterfaceOrientationPortrait UIInterfaceOrientationPortraitUpsideDown UIInterfaceOrientationLandscapeLeft UIInterfaceOrientationLandscapeRight";
				INFOPLIST_KEY_UISupportedInterfaceOrientations_iPhone = "UIInterfaceOrientationPortrait UIInterfaceOrientationLandscapeLeft UIInterfaceOrientationLandscapeRight";
				LD_RUNPATH_SEARCH_PATHS = (
					"$(inherited)",
					"@executable_path/Frameworks",
				);
				MARKETING_VERSION = 1.0;
				PRODUCT_BUNDLE_IDENTIFIER = com.yashc.MathMaster.MetFlix;
				PRODUCT_NAME = "$(TARGET_NAME)";
				SWIFT_EMIT_LOC_STRINGS = YES;
				SWIFT_VERSION = 5.0;
				TARGETED_DEVICE_FAMILY = "1,2";
			};
			name = Release;
		};
		186950D92B0E5BB300323E71 /* Debug */ = {
			isa = XCBuildConfiguration;
			buildSettings = {
				ALWAYS_EMBED_SWIFT_STANDARD_LIBRARIES = YES;
				BUNDLE_LOADER = "$(TEST_HOST)";
				CODE_SIGN_STYLE = Automatic;
				CURRENT_PROJECT_VERSION = 1;
				GENERATE_INFOPLIST_FILE = YES;
				IPHONEOS_DEPLOYMENT_TARGET = 16.2;
				MARKETING_VERSION = 1.0;
				PRODUCT_BUNDLE_IDENTIFIER = com.yashc.MathMaster.MetFlixTests;
				PRODUCT_NAME = "$(TARGET_NAME)";
				SWIFT_EMIT_LOC_STRINGS = NO;
				SWIFT_VERSION = 5.0;
				TARGETED_DEVICE_FAMILY = "1,2";
				TEST_HOST = "$(BUILT_PRODUCTS_DIR)/MetFlix.app/$(BUNDLE_EXECUTABLE_FOLDER_PATH)/MetFlix";
			};
			name = Debug;
		};
		186950DA2B0E5BB300323E71 /* Release */ = {
			isa = XCBuildConfiguration;
			buildSettings = {
				ALWAYS_EMBED_SWIFT_STANDARD_LIBRARIES = YES;
				BUNDLE_LOADER = "$(TEST_HOST)";
				CODE_SIGN_STYLE = Automatic;
				CURRENT_PROJECT_VERSION = 1;
				GENERATE_INFOPLIST_FILE = YES;
				IPHONEOS_DEPLOYMENT_TARGET = 16.2;
				MARKETING_VERSION = 1.0;
				PRODUCT_BUNDLE_IDENTIFIER = com.yashc.MathMaster.MetFlixTests;
				PRODUCT_NAME = "$(TARGET_NAME)";
				SWIFT_EMIT_LOC_STRINGS = NO;
				SWIFT_VERSION = 5.0;
				TARGETED_DEVICE_FAMILY = "1,2";
				TEST_HOST = "$(BUILT_PRODUCTS_DIR)/MetFlix.app/$(BUNDLE_EXECUTABLE_FOLDER_PATH)/MetFlix";
			};
			name = Release;
		};
		186950DC2B0E5BB300323E71 /* Debug */ = {
			isa = XCBuildConfiguration;
			buildSettings = {
				ALWAYS_EMBED_SWIFT_STANDARD_LIBRARIES = YES;
				CODE_SIGN_STYLE = Automatic;
				CURRENT_PROJECT_VERSION = 1;
				GENERATE_INFOPLIST_FILE = YES;
				MARKETING_VERSION = 1.0;
				PRODUCT_BUNDLE_IDENTIFIER = com.yashc.MathMaster.MetFlixUITests;
				PRODUCT_NAME = "$(TARGET_NAME)";
				SWIFT_EMIT_LOC_STRINGS = NO;
				SWIFT_VERSION = 5.0;
				TARGETED_DEVICE_FAMILY = "1,2";
				TEST_TARGET_NAME = MetFlix;
			};
			name = Debug;
		};
		186950DD2B0E5BB300323E71 /* Release */ = {
			isa = XCBuildConfiguration;
			buildSettings = {
				ALWAYS_EMBED_SWIFT_STANDARD_LIBRARIES = YES;
				CODE_SIGN_STYLE = Automatic;
				CURRENT_PROJECT_VERSION = 1;
				GENERATE_INFOPLIST_FILE = YES;
				MARKETING_VERSION = 1.0;
				PRODUCT_BUNDLE_IDENTIFIER = com.yashc.MathMaster.MetFlixUITests;
				PRODUCT_NAME = "$(TARGET_NAME)";
				SWIFT_EMIT_LOC_STRINGS = NO;
				SWIFT_VERSION = 5.0;
				TARGETED_DEVICE_FAMILY = "1,2";
				TEST_TARGET_NAME = MetFlix;
			};
			name = Release;
		};
/* End XCBuildConfiguration section */

/* Begin XCConfigurationList section */
		186950AC2B0E5BB100323E71 /* Build configuration list for PBXProject "MetFlix" */ = {
			isa = XCConfigurationList;
			buildConfigurations = (
				186950D32B0E5BB300323E71 /* Debug */,
				186950D42B0E5BB300323E71 /* Release */,
			);
			defaultConfigurationIsVisible = 0;
			defaultConfigurationName = Release;
		};
		186950D52B0E5BB300323E71 /* Build configuration list for PBXNativeTarget "MetFlix" */ = {
			isa = XCConfigurationList;
			buildConfigurations = (
				186950D62B0E5BB300323E71 /* Debug */,
				186950D72B0E5BB300323E71 /* Release */,
			);
			defaultConfigurationIsVisible = 0;
			defaultConfigurationName = Release;
		};
		186950D82B0E5BB300323E71 /* Build configuration list for PBXNativeTarget "MetFlixTests" */ = {
			isa = XCConfigurationList;
			buildConfigurations = (
				186950D92B0E5BB300323E71 /* Debug */,
				186950DA2B0E5BB300323E71 /* Release */,
			);
			defaultConfigurationIsVisible = 0;
			defaultConfigurationName = Release;
		};
		186950DB2B0E5BB300323E71 /* Build configuration list for PBXNativeTarget "MetFlixUITests" */ = {
			isa = XCConfigurationList;
			buildConfigurations = (
				186950DC2B0E5BB300323E71 /* Debug */,
				186950DD2B0E5BB300323E71 /* Release */,
			);
			defaultConfigurationIsVisible = 0;
			defaultConfigurationName = Release;
		};
/* End XCConfigurationList section */

/* Begin XCRemoteSwiftPackageReference section */
		186950DE2B0E5C0F00323E71 /* XCRemoteSwiftPackageReference "core_architecture" */ = {
			isa = XCRemoteSwiftPackageReference;
			repositoryURL = "https://github.com/syedqamara/core_architecture.git";
			requirement = {
				kind = exactVersion;
				version = 1.0.48;
			};
		};
		1869511F2B0EC56000323E71 /* XCRemoteSwiftPackageReference "lottie-ios" */ = {
			isa = XCRemoteSwiftPackageReference;
			repositoryURL = "https://github.com/airbnb/lottie-ios";
			requirement = {
				kind = upToNextMajorVersion;
				minimumVersion = 4.0.0;
			};
		};
/* End XCRemoteSwiftPackageReference section */

/* Begin XCSwiftPackageProductDependency section */
		181E0D472B13C0DE002F5E9B /* core_architecture */ = {
			isa = XCSwiftPackageProductDependency;
			package = 186950DE2B0E5C0F00323E71 /* XCRemoteSwiftPackageReference "core_architecture" */;
			productName = core_architecture;
		};
		181E0D492B13C0DE002F5E9B /* Debugger */ = {
			isa = XCSwiftPackageProductDependency;
			package = 186950DE2B0E5C0F00323E71 /* XCRemoteSwiftPackageReference "core_architecture" */;
			productName = Debugger;
		};
		181E0D4B2B13C0DE002F5E9B /* DebuggerUI */ = {
			isa = XCSwiftPackageProductDependency;
			package = 186950DE2B0E5C0F00323E71 /* XCRemoteSwiftPackageReference "core_architecture" */;
			productName = DebuggerUI;
		};
		181E0D4D2B13C0DE002F5E9B /* Network */ = {
			isa = XCSwiftPackageProductDependency;
			package = 186950DE2B0E5C0F00323E71 /* XCRemoteSwiftPackageReference "core_architecture" */;
			productName = Network;
		};
		181E0D512B13C0DE002F5E9B /* Lottie */ = {
			isa = XCSwiftPackageProductDependency;
			package = 1869511F2B0EC56000323E71 /* XCRemoteSwiftPackageReference "lottie-ios" */;
			productName = Lottie;
		};
		186950F42B0E614300323E71 /* core_architecture */ = {
			isa = XCSwiftPackageProductDependency;
			package = 186950DE2B0E5C0F00323E71 /* XCRemoteSwiftPackageReference "core_architecture" */;
			productName = core_architecture;
		};
		186950F62B0E614300323E71 /* Debugger */ = {
			isa = XCSwiftPackageProductDependency;
			package = 186950DE2B0E5C0F00323E71 /* XCRemoteSwiftPackageReference "core_architecture" */;
			productName = Debugger;
		};
		186950F82B0E614300323E71 /* DebuggerUI */ = {
			isa = XCSwiftPackageProductDependency;
			package = 186950DE2B0E5C0F00323E71 /* XCRemoteSwiftPackageReference "core_architecture" */;
			productName = DebuggerUI;
		};
		186950FA2B0E614300323E71 /* Network */ = {
			isa = XCSwiftPackageProductDependency;
			package = 186950DE2B0E5C0F00323E71 /* XCRemoteSwiftPackageReference "core_architecture" */;
			productName = Network;
		};
		186951202B0EC56000323E71 /* Lottie */ = {
			isa = XCSwiftPackageProductDependency;
			package = 1869511F2B0EC56000323E71 /* XCRemoteSwiftPackageReference "lottie-ios" */;
			productName = Lottie;
		};
/* End XCSwiftPackageProductDependency section */
	};
	rootObject = 186950A92B0E5BB100323E71 /* Project object */;
}
